{
    "name": "vscode-parinfer",
    "version": "0.6.1",
    "lockfileVersion": 1,
    "requires": true,
    "dependencies": {
        "@types/node": {
            "version": "6.0.114",
            "resolved": "https://registry.npmjs.org/@types/node/-/node-6.0.114.tgz",
            "integrity": "sha512-5ViC9dwf1VIAtrOFTvOuN04lJgw28eKjuy0Vg2Bd/fSlxKP2feCSkIw04ZgOENL2ywdWrtbkthp1XVLEjJmouw==",
            "dev": true
        },
        "parinfer": {
            "version": "2.6.1",
            "resolved": "https://registry.npmjs.org/parinfer/-/parinfer-2.6.1.tgz",
            "integrity": "sha1-m3SWXzKNUJ82+fJliNvYR0Qp7xM="
        },
        "typescript": {
            "version": "2.9.2",
            "resolved": "https://registry.npmjs.org/typescript/-/typescript-2.9.2.tgz",
            "integrity": "sha512-Gr4p6nFNaoufRIY4NMdpQRNmgxVIGMs4Fcu/ujdYk3nAZqk7supzBE9idmvfZIlH/Cuj//dvi+019qEue9lV0w==",
            "dev": true
        }
    }
}
